
Microsoft Visual Studio Solution File, Format Version 12.00
# Visual Studio 15
VisualStudioVersion = 15.0.28307.645
MinimumVisualStudioVersion = 10.0.40219.1
Project("{9A19103F-16F7-4668-BE54-9A1E7A4F7556}") = "ex30_poo", "ex30_poo\ex30_poo.csproj", "{367E3FFA-D423-41E8-B62E-B328FF05EE65}"
EndProject
Project("{9A19103F-16F7-4668-BE54-9A1E7A4F7556}") = "ex31_poo", "ex31_poo\ex31_poo.csproj", "{7CC8BB00-6812-4B01-B6E7-3A08E24FA217}"
EndProject
Project("{9A19103F-16F7-4668-BE54-9A1E7A4F7556}") = "ex32_poo", "ex32_poo\ex32_poo.csproj", "{0891E7D4-1901-45B5-9193-0320E6DCF541}"
EndProject
Project("{9A19103F-16F7-4668-BE54-9A1E7A4F7556}") = "ex29_poo", "ex29_poo\ex29_poo.csproj", "{C19EF508-C530-4E5A-A92C-C292B3D7C6FD}"
EndProject
Project("{9A19103F-16F7-4668-BE54-9A1E7A4F7556}") = "ex23_poo", "ex23_poo\ex23_poo.csproj", "{7DD3448C-0C11-4B4B-B4CA-0615F3839790}"
EndProject
Project("{9A19103F-16F7-4668-BE54-9A1E7A4F7556}") = "ex24_poo", "ex24_poo\ex24_poo.csproj", "{62644873-19CF-4AF2-A125-72CB3A0B0BB8}"
EndProject
Project("{9A19103F-16F7-4668-BE54-9A1E7A4F7556}") = "ex25_poo", "ex25_poo\ex25_poo.csproj", "{A26F7F07-C763-4460-902F-52555A966F46}"
EndProject
Project("{9A19103F-16F7-4668-BE54-9A1E7A4F7556}") = "ex06_UML", "ex06_UML\ex06_UML.csproj", "{7685576D-663C-4C24-A07E-AEBD44A72177}"
EndProject
Project("{9A19103F-16F7-4668-BE54-9A1E7A4F7556}") = "ex57_basescs", "ex57_basescs\ex57_basescs.csproj", "{52D5CF50-EFF0-43E2-8BC2-0B429FFA6CE0}"
EndProject
Project("{9A19103F-16F7-4668-BE54-9A1E7A4F7556}") = "ex38_poo", "ex38_poo\ex38_poo.csproj", "{9A63E0C8-8E5D-414B-8310-0CF9ECD6D038}"
EndProject
Project("{9A19103F-16F7-4668-BE54-9A1E7A4F7556}") = "ex08_UML", "ex08_UML\ex08_UML.csproj", "{2E4CEF6A-6136-47FA-BD2C-7AC5FDCA7490}"
EndProject
Project("{9A19103F-16F7-4668-BE54-9A1E7A4F7556}") = "ex36_poo", "ex36_poo\ex36_poo.csproj", "{3379D461-F581-419F-AE08-04A9416C9986}"
EndProject
Project("{9A19103F-16F7-4668-BE54-9A1E7A4F7556}") = "ex57_poo", "ex57_poo\ex57_poo.csproj", "{235F02F3-0129-4563-B4D3-285B43277303}"
EndProject
Project("{9A19103F-16F7-4668-BE54-9A1E7A4F7556}") = "ex56_poo", "ex56_poo\ex56_poo.csproj", "{9E5900BD-AFD0-4B0A-AB51-9154A9E47B9D}"
EndProject
Project("{9A19103F-16F7-4668-BE54-9A1E7A4F7556}") = "ex62_poo", "ex62_poo\ex62_poo.csproj", "{74EB9447-BF2C-4C1C-AF98-F3122F75D1E3}"
EndProject
Project("{9A19103F-16F7-4668-BE54-9A1E7A4F7556}") = "ex64_poo", "ex64_poo\ex64_poo.csproj", "{CE4135DB-A69D-4839-BF64-5823154BF39C}"
EndProject
Project("{9A19103F-16F7-4668-BE54-9A1E7A4F7556}") = "ex68_poo", "ex68_poo\ex68_poo.csproj", "{4BE29F2F-07FD-4355-BF84-2CBC85684B63}"
EndProject
Project("{FAE04EC0-301F-11D3-BF4B-00C04F79EFBC}") = "ex86_poo", "ex86_poo\ex86_poo.csproj", "{26F793E2-6F66-4294-8E20-D2C2D8C96485}"
EndProject
Project("{FAE04EC0-301F-11D3-BF4B-00C04F79EFBC}") = "ex83_poo", "ex83_poo\ex83_poo.csproj", "{A86B2A6D-0352-4CE0-B169-DC218C4E483F}"
EndProject
Project("{FAE04EC0-301F-11D3-BF4B-00C04F79EFBC}") = "ex82_poo", "ex82_poo\ex82_poo.csproj", "{D7D6703F-71A7-4375-9261-D2BC1F644D6C}"
EndProject
Global
	GlobalSection(SolutionConfigurationPlatforms) = preSolution
		Debug|Any CPU = Debug|Any CPU
		Release|Any CPU = Release|Any CPU
	EndGlobalSection
	GlobalSection(ProjectConfigurationPlatforms) = postSolution
		{367E3FFA-D423-41E8-B62E-B328FF05EE65}.Debug|Any CPU.ActiveCfg = Debug|Any CPU
		{367E3FFA-D423-41E8-B62E-B328FF05EE65}.Debug|Any CPU.Build.0 = Debug|Any CPU
		{367E3FFA-D423-41E8-B62E-B328FF05EE65}.Release|Any CPU.ActiveCfg = Release|Any CPU
		{367E3FFA-D423-41E8-B62E-B328FF05EE65}.Release|Any CPU.Build.0 = Release|Any CPU
		{7CC8BB00-6812-4B01-B6E7-3A08E24FA217}.Debug|Any CPU.ActiveCfg = Debug|Any CPU
		{7CC8BB00-6812-4B01-B6E7-3A08E24FA217}.Debug|Any CPU.Build.0 = Debug|Any CPU
		{7CC8BB00-6812-4B01-B6E7-3A08E24FA217}.Release|Any CPU.ActiveCfg = Release|Any CPU
		{7CC8BB00-6812-4B01-B6E7-3A08E24FA217}.Release|Any CPU.Build.0 = Release|Any CPU
		{0891E7D4-1901-45B5-9193-0320E6DCF541}.Debug|Any CPU.ActiveCfg = Debug|Any CPU
		{0891E7D4-1901-45B5-9193-0320E6DCF541}.Debug|Any CPU.Build.0 = Debug|Any CPU
		{0891E7D4-1901-45B5-9193-0320E6DCF541}.Release|Any CPU.ActiveCfg = Release|Any CPU
		{0891E7D4-1901-45B5-9193-0320E6DCF541}.Release|Any CPU.Build.0 = Release|Any CPU
		{C19EF508-C530-4E5A-A92C-C292B3D7C6FD}.Debug|Any CPU.ActiveCfg = Debug|Any CPU
		{C19EF508-C530-4E5A-A92C-C292B3D7C6FD}.Debug|Any CPU.Build.0 = Debug|Any CPU
		{C19EF508-C530-4E5A-A92C-C292B3D7C6FD}.Release|Any CPU.ActiveCfg = Release|Any CPU
		{C19EF508-C530-4E5A-A92C-C292B3D7C6FD}.Release|Any CPU.Build.0 = Release|Any CPU
		{7DD3448C-0C11-4B4B-B4CA-0615F3839790}.Debug|Any CPU.ActiveCfg = Debug|Any CPU
		{7DD3448C-0C11-4B4B-B4CA-0615F3839790}.Debug|Any CPU.Build.0 = Debug|Any CPU
		{7DD3448C-0C11-4B4B-B4CA-0615F3839790}.Release|Any CPU.ActiveCfg = Release|Any CPU
		{7DD3448C-0C11-4B4B-B4CA-0615F3839790}.Release|Any CPU.Build.0 = Release|Any CPU
		{62644873-19CF-4AF2-A125-72CB3A0B0BB8}.Debug|Any CPU.ActiveCfg = Debug|Any CPU
		{62644873-19CF-4AF2-A125-72CB3A0B0BB8}.Debug|Any CPU.Build.0 = Debug|Any CPU
		{62644873-19CF-4AF2-A125-72CB3A0B0BB8}.Release|Any CPU.ActiveCfg = Release|Any CPU
		{62644873-19CF-4AF2-A125-72CB3A0B0BB8}.Release|Any CPU.Build.0 = Release|Any CPU
		{A26F7F07-C763-4460-902F-52555A966F46}.Debug|Any CPU.ActiveCfg = Debug|Any CPU
		{A26F7F07-C763-4460-902F-52555A966F46}.Debug|Any CPU.Build.0 = Debug|Any CPU
		{A26F7F07-C763-4460-902F-52555A966F46}.Release|Any CPU.ActiveCfg = Release|Any CPU
		{A26F7F07-C763-4460-902F-52555A966F46}.Release|Any CPU.Build.0 = Release|Any CPU
		{7685576D-663C-4C24-A07E-AEBD44A72177}.Debug|Any CPU.ActiveCfg = Debug|Any CPU
		{7685576D-663C-4C24-A07E-AEBD44A72177}.Debug|Any CPU.Build.0 = Debug|Any CPU
		{7685576D-663C-4C24-A07E-AEBD44A72177}.Release|Any CPU.ActiveCfg = Release|Any CPU
		{7685576D-663C-4C24-A07E-AEBD44A72177}.Release|Any CPU.Build.0 = Release|Any CPU
		{52D5CF50-EFF0-43E2-8BC2-0B429FFA6CE0}.Debug|Any CPU.ActiveCfg = Debug|Any CPU
		{52D5CF50-EFF0-43E2-8BC2-0B429FFA6CE0}.Debug|Any CPU.Build.0 = Debug|Any CPU
		{52D5CF50-EFF0-43E2-8BC2-0B429FFA6CE0}.Release|Any CPU.ActiveCfg = Release|Any CPU
		{52D5CF50-EFF0-43E2-8BC2-0B429FFA6CE0}.Release|Any CPU.Build.0 = Release|Any CPU
		{9A63E0C8-8E5D-414B-8310-0CF9ECD6D038}.Debug|Any CPU.ActiveCfg = Debug|Any CPU
		{9A63E0C8-8E5D-414B-8310-0CF9ECD6D038}.Debug|Any CPU.Build.0 = Debug|Any CPU
		{9A63E0C8-8E5D-414B-8310-0CF9ECD6D038}.Release|Any CPU.ActiveCfg = Release|Any CPU
		{9A63E0C8-8E5D-414B-8310-0CF9ECD6D038}.Release|Any CPU.Build.0 = Release|Any CPU
		{2E4CEF6A-6136-47FA-BD2C-7AC5FDCA7490}.Debug|Any CPU.ActiveCfg = Debug|Any CPU
		{2E4CEF6A-6136-47FA-BD2C-7AC5FDCA7490}.Debug|Any CPU.Build.0 = Debug|Any CPU
		{2E4CEF6A-6136-47FA-BD2C-7AC5FDCA7490}.Release|Any CPU.ActiveCfg = Release|Any CPU
		{2E4CEF6A-6136-47FA-BD2C-7AC5FDCA7490}.Release|Any CPU.Build.0 = Release|Any CPU
		{3379D461-F581-419F-AE08-04A9416C9986}.Debug|Any CPU.ActiveCfg = Debug|Any CPU
		{3379D461-F581-419F-AE08-04A9416C9986}.Debug|Any CPU.Build.0 = Debug|Any CPU
		{3379D461-F581-419F-AE08-04A9416C9986}.Release|Any CPU.ActiveCfg = Release|Any CPU
		{3379D461-F581-419F-AE08-04A9416C9986}.Release|Any CPU.Build.0 = Release|Any CPU
		{235F02F3-0129-4563-B4D3-285B43277303}.Debug|Any CPU.ActiveCfg = Debug|Any CPU
		{235F02F3-0129-4563-B4D3-285B43277303}.Debug|Any CPU.Build.0 = Debug|Any CPU
		{235F02F3-0129-4563-B4D3-285B43277303}.Release|Any CPU.ActiveCfg = Release|Any CPU
		{235F02F3-0129-4563-B4D3-285B43277303}.Release|Any CPU.Build.0 = Release|Any CPU
		{9E5900BD-AFD0-4B0A-AB51-9154A9E47B9D}.Debug|Any CPU.ActiveCfg = Debug|Any CPU
		{9E5900BD-AFD0-4B0A-AB51-9154A9E47B9D}.Debug|Any CPU.Build.0 = Debug|Any CPU
		{9E5900BD-AFD0-4B0A-AB51-9154A9E47B9D}.Release|Any CPU.ActiveCfg = Release|Any CPU
		{9E5900BD-AFD0-4B0A-AB51-9154A9E47B9D}.Release|Any CPU.Build.0 = Release|Any CPU
		{74EB9447-BF2C-4C1C-AF98-F3122F75D1E3}.Debug|Any CPU.ActiveCfg = Debug|Any CPU
		{74EB9447-BF2C-4C1C-AF98-F3122F75D1E3}.Debug|Any CPU.Build.0 = Debug|Any CPU
		{74EB9447-BF2C-4C1C-AF98-F3122F75D1E3}.Release|Any CPU.ActiveCfg = Release|Any CPU
		{74EB9447-BF2C-4C1C-AF98-F3122F75D1E3}.Release|Any CPU.Build.0 = Release|Any CPU
		{CE4135DB-A69D-4839-BF64-5823154BF39C}.Debug|Any CPU.ActiveCfg = Debug|Any CPU
		{CE4135DB-A69D-4839-BF64-5823154BF39C}.Debug|Any CPU.Build.0 = Debug|Any CPU
		{CE4135DB-A69D-4839-BF64-5823154BF39C}.Release|Any CPU.ActiveCfg = Release|Any CPU
		{CE4135DB-A69D-4839-BF64-5823154BF39C}.Release|Any CPU.Build.0 = Release|Any CPU
		{4BE29F2F-07FD-4355-BF84-2CBC85684B63}.Debug|Any CPU.ActiveCfg = Debug|Any CPU
		{4BE29F2F-07FD-4355-BF84-2CBC85684B63}.Debug|Any CPU.Build.0 = Debug|Any CPU
		{4BE29F2F-07FD-4355-BF84-2CBC85684B63}.Release|Any CPU.ActiveCfg = Release|Any CPU
		{4BE29F2F-07FD-4355-BF84-2CBC85684B63}.Release|Any CPU.Build.0 = Release|Any CPU
		{26F793E2-6F66-4294-8E20-D2C2D8C96485}.Debug|Any CPU.ActiveCfg = Debug|Any CPU
		{26F793E2-6F66-4294-8E20-D2C2D8C96485}.Debug|Any CPU.Build.0 = Debug|Any CPU
		{26F793E2-6F66-4294-8E20-D2C2D8C96485}.Release|Any CPU.ActiveCfg = Release|Any CPU
		{26F793E2-6F66-4294-8E20-D2C2D8C96485}.Release|Any CPU.Build.0 = Release|Any CPU
		{A86B2A6D-0352-4CE0-B169-DC218C4E483F}.Debug|Any CPU.ActiveCfg = Debug|Any CPU
		{A86B2A6D-0352-4CE0-B169-DC218C4E483F}.Debug|Any CPU.Build.0 = Debug|Any CPU
		{A86B2A6D-0352-4CE0-B169-DC218C4E483F}.Release|Any CPU.ActiveCfg = Release|Any CPU
		{A86B2A6D-0352-4CE0-B169-DC218C4E483F}.Release|Any CPU.Build.0 = Release|Any CPU
		{D7D6703F-71A7-4375-9261-D2BC1F644D6C}.Debug|Any CPU.ActiveCfg = Debug|Any CPU
		{D7D6703F-71A7-4375-9261-D2BC1F644D6C}.Debug|Any CPU.Build.0 = Debug|Any CPU
		{D7D6703F-71A7-4375-9261-D2BC1F644D6C}.Release|Any CPU.ActiveCfg = Release|Any CPU
		{D7D6703F-71A7-4375-9261-D2BC1F644D6C}.Release|Any CPU.Build.0 = Release|Any CPU
	EndGlobalSection
	GlobalSection(SolutionProperties) = preSolution
		HideSolutionNode = FALSE
	EndGlobalSection
	GlobalSection(ExtensibilityGlobals) = postSolution
		SolutionGuid = {06601EA0-2A84-434D-9AAE-6C0790977225}
	EndGlobalSection
EndGlobal
